{
  "version": 4,
  "terraform_version": "0.12.19",
  "serial": 6,
  "lineage": "ccfba635-8e01-0275-239c-9592faf6474f",
  "outputs": {},
  "resources": [
    {
      "mode": "managed",
      "type": "google_container_cluster",
      "name": "primary",
      "provider": "provider.google",
      "instances": [
        {
          "schema_version": 1,
          "attributes": {
            "additional_zones": [],
            "addons_config": [
              {
                "horizontal_pod_autoscaling": [],
                "http_load_balancing": [],
                "kubernetes_dashboard": [],
                "network_policy_config": [
                  {
                    "disabled": true
                  }
                ]
              }
            ],
            "authenticator_groups_config": [],
            "cluster_autoscaling": [
              {
                "auto_provisioning_defaults": [],
                "enabled": false,
                "resource_limits": []
              }
            ],
            "cluster_ipv4_cidr": "10.16.0.0/14",
            "default_max_pods_per_node": 110,
            "description": "",
            "enable_binary_authorization": false,
            "enable_intranode_visibility": null,
            "enable_kubernetes_alpha": false,
            "enable_legacy_abac": false,
            "enable_tpu": null,
            "endpoint": "104.154.168.201",
            "id": "projects/echo-final-project/locations/us-central1/clusters/my-gke-cluster",
            "initial_node_count": 1,
            "instance_group_urls": [
              "https://www.googleapis.com/compute/v1/projects/echo-final-project/zones/us-central1-b/instanceGroups/gke-my-gke-cluster-my-node-pool-b03efcc7-grp",
              "https://www.googleapis.com/compute/v1/projects/echo-final-project/zones/us-central1-a/instanceGroups/gke-my-gke-cluster-my-node-pool-5ad5a8ed-grp",
              "https://www.googleapis.com/compute/v1/projects/echo-final-project/zones/us-central1-c/instanceGroups/gke-my-gke-cluster-my-node-pool-dc2662a9-grp"
            ],
            "ip_allocation_policy": [],
            "location": "us-central1",
            "logging_service": "logging.googleapis.com/kubernetes",
            "maintenance_policy": [],
            "master_auth": [
              {
                "client_certificate": "",
                "client_certificate_config": [
                  {
                    "issue_client_certificate": false
                  }
                ],
                "client_key": "",
                "cluster_ca_certificate": "LS0tLS1CRUdJTiBDRVJUSUZJQ0FURS0tLS0tCk1JSURERENDQWZTZ0F3SUJBZ0lSQUxXYlUzN005THhNM3JDMjhFN2hxdGd3RFFZSktvWklodmNOQVFFTEJRQXcKTHpFdE1Dc0dBMVVFQXhNa05UZ3lNekUzTXprdE5EY3daaTAwWkdaaUxXRXhZakV0WW1JNU9Ea3lNRFkzTmpRMwpNQjRYRFRJd01ESXhNVEE1TXpFeE1Gb1hEVEkxTURJd09URXdNekV4TUZvd0x6RXRNQ3NHQTFVRUF4TWtOVGd5Ck16RTNNemt0TkRjd1ppMDBaR1ppTFdFeFlqRXRZbUk1T0RreU1EWTNOalEzTUlJQklqQU5CZ2txaGtpRzl3MEIKQVFFRkFBT0NBUThBTUlJQkNnS0NBUUVBdGcxWFF2SmlxUGJHdGpRQzVRbE9JaHRWQjNzMzlrN01BYUhDQmVWZApOSmJNS0F0ck1NV0ZaRDF5ajBiTkQ2bjNsNUl5T3kzaEpyeHVGZ3MyZmFRWVRKcVBGQXViR0lEOHo1NUdmaWU2CmVzT1FFbUMrZllmcVhxWm95Y0xHcGxNVmhjV2xiUFJ2TXpqTCtaQ3V2UVhyaDdYWGdVV0JOeGJvaWdYaVBlcHAKSnhUeUE4VFZOYlZXeWxhOVFaNFpKcm0zcmRVQ3pBUHZnMmtSM2NVOWY5Mkk5OWNvSHJWTWQ4cU1ueWxiL2JEYQpqRjBPNUVPYldsVzVhUTBkL2QyR3lXYXVINnZsUW9xOUdmOGMzT0Q0VTZBa2NmZUNqUCs0QWhqeVBQSE9oWU5yCjI1V3RMVGo4WDBTOWdNUEQ4UEswWHluZU5QQSt1Zkkwcno2MXAxRmFQTjRmK1FJREFRQUJveU13SVRBT0JnTlYKSFE4QkFmOEVCQU1DQWdRd0R3WURWUjBUQVFIL0JBVXdBd0VCL3pBTkJna3Foa2lHOXcwQkFRc0ZBQU9DQVFFQQpJQkxmS1pHSlQwb1dDQVl1VVNoOXFjK2krNUMrdnhaMVdFei9YSThJNENrMUlOcWhuMW1HbXFlZ3lCaU93Z2gxCjdJN2VPbHoxTWZPMGM2RFA3cWlxNFUrMmFwLzVuWWFvbGlnQ2ppK2J4bGNablRxTVk3NnpZcDg0bjc1d3pFNGoKemJnNU00aW9MNktVdUNkT3cvLzVwdldRU2E5VExzbllTTTFKQndKOGZWY3lDbXBqSmtKVnBRWUVwVEtxenVsUwo1UFdWQjMrUU9NT09zZDFNV3JYMVo1dUYzQm5sUWN3eVpYS2JLNmRTUmZWak5EYVQ2WEJiSmVEbEI0L2lvMkdVCmtPNmd2VmFXY3RKcVZmR3dBb0Z3UU5Kbk42Vmx2T1BxTXVXcUNoSS9Ubm4xTUh4QXVNSlMvaVE4cURla3U2cHkKVldxM0RXeG9NbTR6a0hpVkVndnFBdz09Ci0tLS0tRU5EIENFUlRJRklDQVRFLS0tLS0K",
                "password": "",
                "username": ""
              }
            ],
            "master_authorized_networks_config": [],
            "master_version": "1.13.11-gke.23",
            "min_master_version": null,
            "monitoring_service": "monitoring.googleapis.com/kubernetes",
            "name": "my-gke-cluster",
            "network": "projects/echo-final-project/global/networks/default",
            "network_policy": [
              {
                "enabled": false,
                "provider": "PROVIDER_UNSPECIFIED"
              }
            ],
            "node_config": [
              {
                "disk_size_gb": 100,
                "disk_type": "pd-standard",
                "guest_accelerator": [],
                "image_type": "COS",
                "labels": {},
                "local_ssd_count": 0,
                "machine_type": "n1-standard-1",
                "metadata": {
                  "disable-legacy-endpoints": "true"
                },
                "min_cpu_platform": "",
                "oauth_scopes": [
                  "https://www.googleapis.com/auth/logging.write",
                  "https://www.googleapis.com/auth/monitoring"
                ],
                "preemptible": true,
                "sandbox_config": [],
                "service_account": "default",
                "shielded_instance_config": [
                  {
                    "enable_integrity_monitoring": true,
                    "enable_secure_boot": false
                  }
                ],
                "tags": [],
                "taint": [],
                "workload_metadata_config": []
              }
            ],
            "node_locations": [
              "us-central1-a",
              "us-central1-b",
              "us-central1-c"
            ],
            "node_pool": [
              {
                "autoscaling": [],
                "initial_node_count": 1,
                "instance_group_urls": [
                  "https://www.googleapis.com/compute/v1/projects/echo-final-project/zones/us-central1-b/instanceGroupManagers/gke-my-gke-cluster-my-node-pool-b03efcc7-grp",
                  "https://www.googleapis.com/compute/v1/projects/echo-final-project/zones/us-central1-a/instanceGroupManagers/gke-my-gke-cluster-my-node-pool-5ad5a8ed-grp",
                  "https://www.googleapis.com/compute/v1/projects/echo-final-project/zones/us-central1-c/instanceGroupManagers/gke-my-gke-cluster-my-node-pool-dc2662a9-grp"
                ],
                "management": [
                  {
                    "auto_repair": false,
                    "auto_upgrade": true
                  }
                ],
                "max_pods_per_node": 0,
                "name": "my-node-pool",
                "name_prefix": "",
                "node_config": [
                  {
                    "disk_size_gb": 100,
                    "disk_type": "pd-standard",
                    "guest_accelerator": [],
                    "image_type": "COS",
                    "labels": {},
                    "local_ssd_count": 0,
                    "machine_type": "n1-standard-1",
                    "metadata": {
                      "disable-legacy-endpoints": "true"
                    },
                    "min_cpu_platform": "",
                    "oauth_scopes": [
                      "https://www.googleapis.com/auth/logging.write",
                      "https://www.googleapis.com/auth/monitoring"
                    ],
                    "preemptible": true,
                    "sandbox_config": [],
                    "service_account": "default",
                    "shielded_instance_config": [
                      {
                        "enable_integrity_monitoring": true,
                        "enable_secure_boot": false
                      }
                    ],
                    "tags": [],
                    "taint": [],
                    "workload_metadata_config": []
                  }
                ],
                "node_count": 1,
                "version": "1.13.11-gke.23"
              }
            ],
            "node_version": "1.13.11-gke.23",
            "operation": null,
            "pod_security_policy_config": [],
            "private_cluster_config": [],
            "project": "echo-final-project",
            "region": null,
            "remove_default_node_pool": true,
            "resource_labels": {},
            "services_ipv4_cidr": "10.19.240.0/20",
            "subnetwork": "projects/echo-final-project/regions/us-central1/subnetworks/default",
            "timeouts": null,
            "vertical_pod_autoscaling": [],
            "zone": null
          },
          "private": "eyJlMmJmYjczMC1lY2FhLTExZTYtOGY4OC0zNDM2M2JjN2M0YzAiOnsiY3JlYXRlIjoyNDAwMDAwMDAwMDAwLCJkZWxldGUiOjI0MDAwMDAwMDAwMDAsInVwZGF0ZSI6MzYwMDAwMDAwMDAwMH0sInNjaGVtYV92ZXJzaW9uIjoiMSJ9"
        }
      ]
    }
  ]
}
